
Microsoft Visual Studio Solution File, Format Version 12.00
# Visual Studio Version 17
VisualStudioVersion = 17.6.33815.320
MinimumVisualStudioVersion = 10.0.40219.1
Project("{FAE04EC0-301F-11D3-BF4B-00C04F79EFBC}") = "CICDMVCApp", "CICDMVCApp\CICDMVCApp.csproj", "{D7488CFC-B080-4575-9F62-26E8E3487F28}"
EndProject
Global
	GlobalSection(SolutionConfigurationPlatforms) = preSolution
		Debug|Any CPU = Debug|Any CPU
		Release|Any CPU = Release|Any CPU
	EndGlobalSection
	GlobalSection(ProjectConfigurationPlatforms) = postSolution
		{D7488CFC-B080-4575-9F62-26E8E3487F28}.Debug|Any CPU.ActiveCfg = Debug|Any CPU
		{D7488CFC-B080-4575-9F62-26E8E3487F28}.Debug|Any CPU.Build.0 = Debug|Any CPU
		{D7488CFC-B080-4575-9F62-26E8E3487F28}.Release|Any CPU.ActiveCfg = Release|Any CPU
		{D7488CFC-B080-4575-9F62-26E8E3487F28}.Release|Any CPU.Build.0 = Release|Any CPU
	EndGlobalSection
	GlobalSection(SolutionProperties) = preSolution
		HideSolutionNode = FALSE
	EndGlobalSection
	GlobalSection(ExtensibilityGlobals) = postSolution
		SolutionGuid = {C9304C2B-EA59-4F9C-B002-D8BCA0D97673}
	EndGlobalSection
EndGlobal
